
Microsoft Visual Studio Solution File, Format Version 12.00
# Visual Studio 14
VisualStudioVersion = 14.0.25420.1
MinimumVisualStudioVersion = 10.0.40219.1
Project("{F184B08F-C81C-45F6-A57F-5ABD9991F28F}") = "Wiseman", "Wiseman\Wiseman.vbproj", "{87289918-6699-45DA-A481-1B3BEEEADE7D}"
EndProject
Project("{F184B08F-C81C-45F6-A57F-5ABD9991F28F}") = "WisemanWindowsClient", "WisemanWindowsClient\WisemanWindowsClient.vbproj", "{1A748C41-6C97-4543-AB0C-689D3BE6487C}"
EndProject
Project("{F184B08F-C81C-45F6-A57F-5ABD9991F28F}") = "karel.VB", "karel.VB\karel.VB.vbproj", "{BFD24FA5-725C-4641-A821-6FF1E3D83254}"
EndProject
Project("{54435603-DBB4-11D2-8724-00A0C9A8B90C}") = "CimrmanologInstaller", "CimrmanologInstaller\CimrmanologInstaller.vdproj", "{CF76592D-E8EE-4A79-81A4-11FD092609BE}"
EndProject
Global
	GlobalSection(SolutionConfigurationPlatforms) = preSolution
		Debug|Any CPU = Debug|Any CPU
		Release|Any CPU = Release|Any CPU
	EndGlobalSection
	GlobalSection(ProjectConfigurationPlatforms) = postSolution
		{87289918-6699-45DA-A481-1B3BEEEADE7D}.Debug|Any CPU.ActiveCfg = Debug|Any CPU
		{87289918-6699-45DA-A481-1B3BEEEADE7D}.Debug|Any CPU.Build.0 = Debug|Any CPU
		{87289918-6699-45DA-A481-1B3BEEEADE7D}.Release|Any CPU.ActiveCfg = Release|Any CPU
		{87289918-6699-45DA-A481-1B3BEEEADE7D}.Release|Any CPU.Build.0 = Release|Any CPU
		{1A748C41-6C97-4543-AB0C-689D3BE6487C}.Debug|Any CPU.ActiveCfg = Debug|Any CPU
		{1A748C41-6C97-4543-AB0C-689D3BE6487C}.Debug|Any CPU.Build.0 = Debug|Any CPU
		{1A748C41-6C97-4543-AB0C-689D3BE6487C}.Release|Any CPU.ActiveCfg = Release|Any CPU
		{1A748C41-6C97-4543-AB0C-689D3BE6487C}.Release|Any CPU.Build.0 = Release|Any CPU
		{BFD24FA5-725C-4641-A821-6FF1E3D83254}.Debug|Any CPU.ActiveCfg = Debug|Any CPU
		{BFD24FA5-725C-4641-A821-6FF1E3D83254}.Debug|Any CPU.Build.0 = Debug|Any CPU
		{BFD24FA5-725C-4641-A821-6FF1E3D83254}.Release|Any CPU.ActiveCfg = Release|Any CPU
		{BFD24FA5-725C-4641-A821-6FF1E3D83254}.Release|Any CPU.Build.0 = Release|Any CPU
		{CF76592D-E8EE-4A79-81A4-11FD092609BE}.Debug|Any CPU.ActiveCfg = Debug
		{CF76592D-E8EE-4A79-81A4-11FD092609BE}.Release|Any CPU.ActiveCfg = Release
	EndGlobalSection
	GlobalSection(SolutionProperties) = preSolution
		HideSolutionNode = FALSE
	EndGlobalSection
EndGlobal
